
Microsoft Visual Studio Solution File, Format Version 12.00
# Visual Studio Version 17
VisualStudioVersion = 17.14.36221.1 d17.14
MinimumVisualStudioVersion = 10.0.40219.1
Project("{FAE04EC0-301F-11D3-BF4B-00C04F79EFBC}") = "CarInsurance", "CarInsurance.csproj", "{212B4D15-979B-418A-BAC3-E38F6B9A3177}"
EndProject
Global
	GlobalSection(SolutionConfigurationPlatforms) = preSolution
		Debug|Any CPU = Debug|Any CPU
		Release|Any CPU = Release|Any CPU
	EndGlobalSection
	GlobalSection(ProjectConfigurationPlatforms) = postSolution
		{212B4D15-979B-418A-BAC3-E38F6B9A3177}.Debug|Any CPU.ActiveCfg = Debug|Any CPU
		{212B4D15-979B-418A-BAC3-E38F6B9A3177}.Debug|Any CPU.Build.0 = Debug|Any CPU
		{212B4D15-979B-418A-BAC3-E38F6B9A3177}.Release|Any CPU.ActiveCfg = Release|Any CPU
		{212B4D15-979B-418A-BAC3-E38F6B9A3177}.Release|Any CPU.Build.0 = Release|Any CPU
	EndGlobalSection
	GlobalSection(SolutionProperties) = preSolution
		HideSolutionNode = FALSE
	EndGlobalSection
	GlobalSection(ExtensibilityGlobals) = postSolution
		SolutionGuid = {7956CDE5-1A5A-4AFD-83F2-B34549BC23C6}
	EndGlobalSection
EndGlobal
